// !$*UTF8*$!
{
	archiveVersion = 1;
	classes = {
	};
	objectVersion = 50;
	objects = {

/* Begin PBXBuildFile section */
		DC12911526755E26007CB73F /* CreateShipSliderView.swift in Sources */ = {isa = PBXBuildFile; fileRef = DC12911426755E26007CB73F /* CreateShipSliderView.swift */; };
		DC12911826755E45007CB73F /* CreateShipSliderView.xib in Resources */ = {isa = PBXBuildFile; fileRef = DC12911726755E45007CB73F /* CreateShipSliderView.xib */; };
		DC12911B26756988007CB73F /* ColorCompatability.swift in Sources */ = {isa = PBXBuildFile; fileRef = DC12911A26756988007CB73F /* ColorCompatability.swift */; };
		DC12911F26756A9D007CB73F /* PrimaryButton.swift in Sources */ = {isa = PBXBuildFile; fileRef = DC12911E26756A9D007CB73F /* PrimaryButton.swift */; };
		DC25C8E826760169008767F2 /* CreateShipTitleView.swift in Sources */ = {isa = PBXBuildFile; fileRef = DC25C8E726760169008767F2 /* CreateShipTitleView.swift */; };
		DC875C2B267575A3001C1FC5 /* CreateShipViewModel.swift in Sources */ = {isa = PBXBuildFile; fileRef = DC875C2A267575A3001C1FC5 /* CreateShipViewModel.swift */; };
		DC98E600267522A6005F116F /* CreateShipViewController.swift in Sources */ = {isa = PBXBuildFile; fileRef = DC98E5FF267522A6005F116F /* CreateShipViewController.swift */; };
		DC98E6042675282F005F116F /* HomeTabBarController.swift in Sources */ = {isa = PBXBuildFile; fileRef = DC98E6032675282F005F116F /* HomeTabBarController.swift */; };
		DC98E6092675286F005F116F /* StationsViewController.swift in Sources */ = {isa = PBXBuildFile; fileRef = DC98E6082675286F005F116F /* StationsViewController.swift */; };
		DC98E60D267528C2005F116F /* FavouritesViewController.swift in Sources */ = {isa = PBXBuildFile; fileRef = DC98E60C267528C2005F116F /* FavouritesViewController.swift */; };
		DC98E6182675523C005F116F /* BaseXib.swift in Sources */ = {isa = PBXBuildFile; fileRef = DC98E6172675523C005F116F /* BaseXib.swift */; };
		DC98E61C267553BB005F116F /* UIView+Constraints.swift in Sources */ = {isa = PBXBuildFile; fileRef = DC98E61B267553BB005F116F /* UIView+Constraints.swift */; };
		DC98E61F26755441005F116F /* CreateShipTitleView.xib in Resources */ = {isa = PBXBuildFile; fileRef = DC98E61E26755441005F116F /* CreateShipTitleView.xib */; };
		DCB8DF9C2675140900571AA7 /* AppDelegate.swift in Sources */ = {isa = PBXBuildFile; fileRef = DCB8DF9B2675140900571AA7 /* AppDelegate.swift */; };
		DCB8DFA32675140900571AA7 /* Main.storyboard in Resources */ = {isa = PBXBuildFile; fileRef = DCB8DFA12675140900571AA7 /* Main.storyboard */; };
		DCB8DFA52675140A00571AA7 /* Assets.xcassets in Resources */ = {isa = PBXBuildFile; fileRef = DCB8DFA42675140A00571AA7 /* Assets.xcassets */; };
		DCB8DFA82675140A00571AA7 /* LaunchScreen.storyboard in Resources */ = {isa = PBXBuildFile; fileRef = DCB8DFA62675140A00571AA7 /* LaunchScreen.storyboard */; };
/* End PBXBuildFile section */

/* Begin PBXFileReference section */
		DC12911426755E26007CB73F /* CreateShipSliderView.swift */ = {isa = PBXFileReference; lastKnownFileType = sourcecode.swift; path = CreateShipSliderView.swift; sourceTree = "<group>"; };
		DC12911726755E45007CB73F /* CreateShipSliderView.xib */ = {isa = PBXFileReference; lastKnownFileType = file.xib; path = CreateShipSliderView.xib; sourceTree = "<group>"; };
		DC12911A26756988007CB73F /* ColorCompatability.swift */ = {isa = PBXFileReference; lastKnownFileType = sourcecode.swift; path = ColorCompatability.swift; sourceTree = "<group>"; };
		DC12911E26756A9D007CB73F /* PrimaryButton.swift */ = {isa = PBXFileReference; lastKnownFileType = sourcecode.swift; path = PrimaryButton.swift; sourceTree = "<group>"; };
		DC25C8E726760169008767F2 /* CreateShipTitleView.swift */ = {isa = PBXFileReference; lastKnownFileType = sourcecode.swift; path = CreateShipTitleView.swift; sourceTree = "<group>"; };
		DC875C2A267575A3001C1FC5 /* CreateShipViewModel.swift */ = {isa = PBXFileReference; lastKnownFileType = sourcecode.swift; path = CreateShipViewModel.swift; sourceTree = "<group>"; };
		DC98E5FF267522A6005F116F /* CreateShipViewController.swift */ = {isa = PBXFileReference; lastKnownFileType = sourcecode.swift; path = CreateShipViewController.swift; sourceTree = "<group>"; };
		DC98E6032675282F005F116F /* HomeTabBarController.swift */ = {isa = PBXFileReference; lastKnownFileType = sourcecode.swift; path = HomeTabBarController.swift; sourceTree = "<group>"; };
		DC98E6082675286F005F116F /* StationsViewController.swift */ = {isa = PBXFileReference; lastKnownFileType = sourcecode.swift; path = StationsViewController.swift; sourceTree = "<group>"; };
		DC98E60C267528C2005F116F /* FavouritesViewController.swift */ = {isa = PBXFileReference; lastKnownFileType = sourcecode.swift; path = FavouritesViewController.swift; sourceTree = "<group>"; };
		DC98E6172675523C005F116F /* BaseXib.swift */ = {isa = PBXFileReference; lastKnownFileType = sourcecode.swift; path = BaseXib.swift; sourceTree = "<group>"; };
		DC98E61B267553BB005F116F /* UIView+Constraints.swift */ = {isa = PBXFileReference; lastKnownFileType = sourcecode.swift; path = "UIView+Constraints.swift"; sourceTree = "<group>"; };
		DC98E61E26755441005F116F /* CreateShipTitleView.xib */ = {isa = PBXFileReference; lastKnownFileType = file.xib; path = CreateShipTitleView.xib; sourceTree = "<group>"; };
		DCB8DF982675140800571AA7 /* 7e861f3a421c6167852c263effac5660.app */ = {isa = PBXFileReference; explicitFileType = wrapper.application; includeInIndex = 0; path = 7e861f3a421c6167852c263effac5660.app; sourceTree = BUILT_PRODUCTS_DIR; };
		DCB8DF9B2675140900571AA7 /* AppDelegate.swift */ = {isa = PBXFileReference; lastKnownFileType = sourcecode.swift; path = AppDelegate.swift; sourceTree = "<group>"; };
		DCB8DFA22675140900571AA7 /* Base */ = {isa = PBXFileReference; lastKnownFileType = file.storyboard; name = Base; path = Base.lproj/Main.storyboard; sourceTree = "<group>"; };
		DCB8DFA42675140A00571AA7 /* Assets.xcassets */ = {isa = PBXFileReference; lastKnownFileType = folder.assetcatalog; path = Assets.xcassets; sourceTree = "<group>"; };
		DCB8DFA72675140A00571AA7 /* Base */ = {isa = PBXFileReference; lastKnownFileType = file.storyboard; name = Base; path = Base.lproj/LaunchScreen.storyboard; sourceTree = "<group>"; };
		DCB8DFA92675140A00571AA7 /* Info.plist */ = {isa = PBXFileReference; lastKnownFileType = text.plist.xml; path = Info.plist; sourceTree = "<group>"; };
/* End PBXFileReference section */

/* Begin PBXFrameworksBuildPhase section */
		DCB8DF952675140800571AA7 /* Frameworks */ = {
			isa = PBXFrameworksBuildPhase;
			buildActionMask = 2147483647;
			files = (
			);
			runOnlyForDeploymentPostprocessing = 0;
		};
/* End PBXFrameworksBuildPhase section */

/* Begin PBXGroup section */
		DC12911226755DFC007CB73F /* Title */ = {
			isa = PBXGroup;
			children = (
				DC98E61E26755441005F116F /* CreateShipTitleView.xib */,
				DC25C8E726760169008767F2 /* CreateShipTitleView.swift */,
			);
			path = Title;
			sourceTree = "<group>";
		};
		DC12911326755E11007CB73F /* Slider */ = {
			isa = PBXGroup;
			children = (
				DC12911426755E26007CB73F /* CreateShipSliderView.swift */,
				DC12911726755E45007CB73F /* CreateShipSliderView.xib */,
			);
			path = Slider;
			sourceTree = "<group>";
		};
		DC12911D26756A8E007CB73F /* UIComponents */ = {
			isa = PBXGroup;
			children = (
				DC98E6172675523C005F116F /* BaseXib.swift */,
				DC12911E26756A9D007CB73F /* PrimaryButton.swift */,
			);
			path = UIComponents;
			sourceTree = "<group>";
		};
		DC12912126756C08007CB73F /* ViewModel */ = {
			isa = PBXGroup;
			children = (
				DC875C2A267575A3001C1FC5 /* CreateShipViewModel.swift */,
			);
			path = ViewModel;
			sourceTree = "<group>";
		};
		DC98E5FB2675225E005F116F /* Application */ = {
			isa = PBXGroup;
			children = (
				DC98E5FC26752261005F116F /* CreateShip */,
				DC98E5FD2675227A005F116F /* Home */,
			);
			path = Application;
			sourceTree = "<group>";
		};
		DC98E5FC26752261005F116F /* CreateShip */ = {
			isa = PBXGroup;
			children = (
				DC12912126756C08007CB73F /* ViewModel */,
				DC98E6102675512A005F116F /* Controller */,
				DC98E60F2675511A005F116F /* View */,
			);
			path = CreateShip;
			sourceTree = "<group>";
		};
		DC98E5FD2675227A005F116F /* Home */ = {
			isa = PBXGroup;
			children = (
				DC98E6022675280E005F116F /* Main */,
				DC98E60626752835005F116F /* Stations */,
				DC98E60726752849005F116F /* Favourites */,
			);
			path = Home;
			sourceTree = "<group>";
		};
		DC98E6022675280E005F116F /* Main */ = {
			isa = PBXGroup;
			children = (
				DC98E6032675282F005F116F /* HomeTabBarController.swift */,
			);
			path = Main;
			sourceTree = "<group>";
		};
		DC98E60626752835005F116F /* Stations */ = {
			isa = PBXGroup;
			children = (
				DC98E6082675286F005F116F /* StationsViewController.swift */,
			);
			path = Stations;
			sourceTree = "<group>";
		};
		DC98E60726752849005F116F /* Favourites */ = {
			isa = PBXGroup;
			children = (
				DC98E60C267528C2005F116F /* FavouritesViewController.swift */,
			);
			path = Favourites;
			sourceTree = "<group>";
		};
		DC98E60F2675511A005F116F /* View */ = {
			isa = PBXGroup;
			children = (
				DC12911326755E11007CB73F /* Slider */,
				DC12911226755DFC007CB73F /* Title */,
			);
			path = View;
			sourceTree = "<group>";
		};
		DC98E6102675512A005F116F /* Controller */ = {
			isa = PBXGroup;
			children = (
				DC98E5FF267522A6005F116F /* CreateShipViewController.swift */,
			);
			path = Controller;
			sourceTree = "<group>";
		};
		DC98E61526755209005F116F /* Common */ = {
			isa = PBXGroup;
			children = (
				DC12911D26756A8E007CB73F /* UIComponents */,
				DC98E61A267552CD005F116F /* Extensions */,
				DC12911A26756988007CB73F /* ColorCompatability.swift */,
			);
			path = Common;
			sourceTree = "<group>";
		};
		DC98E61A267552CD005F116F /* Extensions */ = {
			isa = PBXGroup;
			children = (
				DC98E61B267553BB005F116F /* UIView+Constraints.swift */,
			);
			path = Extensions;
			sourceTree = "<group>";
		};
		DCB8DF8F2675140800571AA7 = {
			isa = PBXGroup;
			children = (
				DCB8DF9A2675140800571AA7 /* 7e861f3a421c6167852c263effac5660 */,
				DCB8DF992675140800571AA7 /* Products */,
			);
			sourceTree = "<group>";
		};
		DCB8DF992675140800571AA7 /* Products */ = {
			isa = PBXGroup;
			children = (
				DCB8DF982675140800571AA7 /* 7e861f3a421c6167852c263effac5660.app */,
			);
			name = Products;
			sourceTree = "<group>";
		};
		DCB8DF9A2675140800571AA7 /* 7e861f3a421c6167852c263effac5660 */ = {
			isa = PBXGroup;
			children = (
				DC98E5FB2675225E005F116F /* Application */,
				DC98E61526755209005F116F /* Common */,
				DCB8DF9B2675140900571AA7 /* AppDelegate.swift */,
				DCB8DFA12675140900571AA7 /* Main.storyboard */,
				DCB8DFA42675140A00571AA7 /* Assets.xcassets */,
				DCB8DFA62675140A00571AA7 /* LaunchScreen.storyboard */,
				DCB8DFA92675140A00571AA7 /* Info.plist */,
			);
			path = 7e861f3a421c6167852c263effac5660;
			sourceTree = "<group>";
		};
/* End PBXGroup section */

/* Begin PBXNativeTarget section */
		DCB8DF972675140800571AA7 /* 7e861f3a421c6167852c263effac5660 */ = {
			isa = PBXNativeTarget;
			buildConfigurationList = DCB8DFAC2675140A00571AA7 /* Build configuration list for PBXNativeTarget "7e861f3a421c6167852c263effac5660" */;
			buildPhases = (
				DCB8DF942675140800571AA7 /* Sources */,
				DCB8DF952675140800571AA7 /* Frameworks */,
				DCB8DF962675140800571AA7 /* Resources */,
			);
			buildRules = (
			);
			dependencies = (
			);
			name = 7e861f3a421c6167852c263effac5660;
			productName = 7e861f3a421c6167852c263effac5660;
			productReference = DCB8DF982675140800571AA7 /* 7e861f3a421c6167852c263effac5660.app */;
			productType = "com.apple.product-type.application";
		};
/* End PBXNativeTarget section */

/* Begin PBXProject section */
		DCB8DF902675140800571AA7 /* Project object */ = {
			isa = PBXProject;
			attributes = {
				LastSwiftUpdateCheck = 1240;
				LastUpgradeCheck = 1240;
				TargetAttributes = {
					DCB8DF972675140800571AA7 = {
						CreatedOnToolsVersion = 12.4;
					};
				};
			};
			buildConfigurationList = DCB8DF932675140800571AA7 /* Build configuration list for PBXProject "7e861f3a421c6167852c263effac5660" */;
			compatibilityVersion = "Xcode 9.3";
			developmentRegion = en;
			hasScannedForEncodings = 0;
			knownRegions = (
				en,
				Base,
			);
			mainGroup = DCB8DF8F2675140800571AA7;
			productRefGroup = DCB8DF992675140800571AA7 /* Products */;
			projectDirPath = "";
			projectRoot = "";
			targets = (
				DCB8DF972675140800571AA7 /* 7e861f3a421c6167852c263effac5660 */,
			);
		};
/* End PBXProject section */

/* Begin PBXResourcesBuildPhase section */
		DCB8DF962675140800571AA7 /* Resources */ = {
			isa = PBXResourcesBuildPhase;
			buildActionMask = 2147483647;
			files = (
				DCB8DFA82675140A00571AA7 /* LaunchScreen.storyboard in Resources */,
				DC12911826755E45007CB73F /* CreateShipSliderView.xib in Resources */,
				DC98E61F26755441005F116F /* CreateShipTitleView.xib in Resources */,
				DCB8DFA52675140A00571AA7 /* Assets.xcassets in Resources */,
				DCB8DFA32675140900571AA7 /* Main.storyboard in Resources */,
			);
			runOnlyForDeploymentPostprocessing = 0;
		};
/* End PBXResourcesBuildPhase section */

/* Begin PBXSourcesBuildPhase section */
		DCB8DF942675140800571AA7 /* Sources */ = {
			isa = PBXSourcesBuildPhase;
			buildActionMask = 2147483647;
			files = (
				DC98E6182675523C005F116F /* BaseXib.swift in Sources */,
				DC12911F26756A9D007CB73F /* PrimaryButton.swift in Sources */,
				DC12911526755E26007CB73F /* CreateShipSliderView.swift in Sources */,
				DC98E600267522A6005F116F /* CreateShipViewController.swift in Sources */,
				DCB8DF9C2675140900571AA7 /* AppDelegate.swift in Sources */,
				DC98E6042675282F005F116F /* HomeTabBarController.swift in Sources */,
				DC98E60D267528C2005F116F /* FavouritesViewController.swift in Sources */,
				DC875C2B267575A3001C1FC5 /* CreateShipViewModel.swift in Sources */,
				DC98E6092675286F005F116F /* StationsViewController.swift in Sources */,
				DC25C8E826760169008767F2 /* CreateShipTitleView.swift in Sources */,
				DC12911B26756988007CB73F /* ColorCompatability.swift in Sources */,
				DC98E61C267553BB005F116F /* UIView+Constraints.swift in Sources */,
			);
			runOnlyForDeploymentPostprocessing = 0;
		};
/* End PBXSourcesBuildPhase section */

/* Begin PBXVariantGroup section */
		DCB8DFA12675140900571AA7 /* Main.storyboard */ = {
			isa = PBXVariantGroup;
			children = (
				DCB8DFA22675140900571AA7 /* Base */,
			);
			name = Main.storyboard;
			sourceTree = "<group>";
		};
		DCB8DFA62675140A00571AA7 /* LaunchScreen.storyboard */ = {
			isa = PBXVariantGroup;
			children = (
				DCB8DFA72675140A00571AA7 /* Base */,
			);
			name = LaunchScreen.storyboard;
			sourceTree = "<group>";
		};
/* End PBXVariantGroup section */

/* Begin XCBuildConfiguration section */
		DCB8DFAA2675140A00571AA7 /* Debug */ = {
			isa = XCBuildConfiguration;
			buildSettings = {
				ALWAYS_SEARCH_USER_PATHS = NO;
				CLANG_ANALYZER_NONNULL = YES;
				CLANG_ANALYZER_NUMBER_OBJECT_CONVERSION = YES_AGGRESSIVE;
				CLANG_CXX_LANGUAGE_STANDARD = "gnu++14";
				CLANG_CXX_LIBRARY = "libc++";
				CLANG_ENABLE_MODULES = YES;
				CLANG_ENABLE_OBJC_ARC = YES;
				CLANG_ENABLE_OBJC_WEAK = YES;
				CLANG_WARN_BLOCK_CAPTURE_AUTORELEASING = YES;
				CLANG_WARN_BOOL_CONVERSION = YES;
				CLANG_WARN_COMMA = YES;
				CLANG_WARN_CONSTANT_CONVERSION = YES;
				CLANG_WARN_DEPRECATED_OBJC_IMPLEMENTATIONS = YES;
				CLANG_WARN_DIRECT_OBJC_ISA_USAGE = YES_ERROR;
				CLANG_WARN_DOCUMENTATION_COMMENTS = YES;
				CLANG_WARN_EMPTY_BODY = YES;
				CLANG_WARN_ENUM_CONVERSION = YES;
				CLANG_WARN_INFINITE_RECURSION = YES;
				CLANG_WARN_INT_CONVERSION = YES;
				CLANG_WARN_NON_LITERAL_NULL_CONVERSION = YES;
				CLANG_WARN_OBJC_IMPLICIT_RETAIN_SELF = YES;
				CLANG_WARN_OBJC_LITERAL_CONVERSION = YES;
				CLANG_WARN_OBJC_ROOT_CLASS = YES_ERROR;
				CLANG_WARN_QUOTED_INCLUDE_IN_FRAMEWORK_HEADER = YES;
				CLANG_WARN_RANGE_LOOP_ANALYSIS = YES;
				CLANG_WARN_STRICT_PROTOTYPES = YES;
				CLANG_WARN_SUSPICIOUS_MOVE = YES;
				CLANG_WARN_UNGUARDED_AVAILABILITY = YES_AGGRESSIVE;
				CLANG_WARN_UNREACHABLE_CODE = YES;
				CLANG_WARN__DUPLICATE_METHOD_MATCH = YES;
				COPY_PHASE_STRIP = NO;
				DEBUG_INFORMATION_FORMAT = dwarf;
				ENABLE_STRICT_OBJC_MSGSEND = YES;
				ENABLE_TESTABILITY = YES;
				GCC_C_LANGUAGE_STANDARD = gnu11;
				GCC_DYNAMIC_NO_PIC = NO;
				GCC_NO_COMMON_BLOCKS = YES;
				GCC_OPTIMIZATION_LEVEL = 0;
				GCC_PREPROCESSOR_DEFINITIONS = (
					"DEBUG=1",
					"$(inherited)",
				);
				GCC_WARN_64_TO_32_BIT_CONVERSION = YES;
				GCC_WARN_ABOUT_RETURN_TYPE = YES_ERROR;
				GCC_WARN_UNDECLARED_SELECTOR = YES;
				GCC_WARN_UNINITIALIZED_AUTOS = YES_AGGRESSIVE;
				GCC_WARN_UNUSED_FUNCTION = YES;
				GCC_WARN_UNUSED_VARIABLE = YES;
				IPHONEOS_DEPLOYMENT_TARGET = 10.0;
				MTL_ENABLE_DEBUG_INFO = INCLUDE_SOURCE;
				MTL_FAST_MATH = YES;
				ONLY_ACTIVE_ARCH = YES;
				SDKROOT = iphoneos;
				SWIFT_ACTIVE_COMPILATION_CONDITIONS = DEBUG;
				SWIFT_OPTIMIZATION_LEVEL = "-Onone";
			};
			name = Debug;
		};
		DCB8DFAB2675140A00571AA7 /* Release */ = {
			isa = XCBuildConfiguration;
			buildSettings = {
				ALWAYS_SEARCH_USER_PATHS = NO;
				CLANG_ANALYZER_NONNULL = YES;
				CLANG_ANALYZER_NUMBER_OBJECT_CONVERSION = YES_AGGRESSIVE;
				CLANG_CXX_LANGUAGE_STANDARD = "gnu++14";
				CLANG_CXX_LIBRARY = "libc++";
				CLANG_ENABLE_MODULES = YES;
				CLANG_ENABLE_OBJC_ARC = YES;
				CLANG_ENABLE_OBJC_WEAK = YES;
				CLANG_WARN_BLOCK_CAPTURE_AUTORELEASING = YES;
				CLANG_WARN_BOOL_CONVERSION = YES;
				CLANG_WARN_COMMA = YES;
				CLANG_WARN_CONSTANT_CONVERSION = YES;
				CLANG_WARN_DEPRECATED_OBJC_IMPLEMENTATIONS = YES;
				CLANG_WARN_DIRECT_OBJC_ISA_USAGE = YES_ERROR;
				CLANG_WARN_DOCUMENTATION_COMMENTS = YES;
				CLANG_WARN_EMPTY_BODY = YES;
				CLANG_WARN_ENUM_CONVERSION = YES;
				CLANG_WARN_INFINITE_RECURSION = YES;
				CLANG_WARN_INT_CONVERSION = YES;
				CLANG_WARN_NON_LITERAL_NULL_CONVERSION = YES;
				CLANG_WARN_OBJC_IMPLICIT_RETAIN_SELF = YES;
				CLANG_WARN_OBJC_LITERAL_CONVERSION = YES;
				CLANG_WARN_OBJC_ROOT_CLASS = YES_ERROR;
				CLANG_WARN_QUOTED_INCLUDE_IN_FRAMEWORK_HEADER = YES;
				CLANG_WARN_RANGE_LOOP_ANALYSIS = YES;
				CLANG_WARN_STRICT_PROTOTYPES = YES;
				CLANG_WARN_SUSPICIOUS_MOVE = YES;
				CLANG_WARN_UNGUARDED_AVAILABILITY = YES_AGGRESSIVE;
				CLANG_WARN_UNREACHABLE_CODE = YES;
				CLANG_WARN__DUPLICATE_METHOD_MATCH = YES;
				COPY_PHASE_STRIP = NO;
				DEBUG_INFORMATION_FORMAT = "dwarf-with-dsym";
				ENABLE_NS_ASSERTIONS = NO;
				ENABLE_STRICT_OBJC_MSGSEND = YES;
				GCC_C_LANGUAGE_STANDARD = gnu11;
				GCC_NO_COMMON_BLOCKS = YES;
				GCC_WARN_64_TO_32_BIT_CONVERSION = YES;
				GCC_WARN_ABOUT_RETURN_TYPE = YES_ERROR;
				GCC_WARN_UNDECLARED_SELECTOR = YES;
				GCC_WARN_UNINITIALIZED_AUTOS = YES_AGGRESSIVE;
				GCC_WARN_UNUSED_FUNCTION = YES;
				GCC_WARN_UNUSED_VARIABLE = YES;
				IPHONEOS_DEPLOYMENT_TARGET = 10.0;
				MTL_ENABLE_DEBUG_INFO = NO;
				MTL_FAST_MATH = YES;
				SDKROOT = iphoneos;
				SWIFT_COMPILATION_MODE = wholemodule;
				SWIFT_OPTIMIZATION_LEVEL = "-O";
				VALIDATE_PRODUCT = YES;
			};
			name = Release;
		};
		DCB8DFAD2675140A00571AA7 /* Debug */ = {
			isa = XCBuildConfiguration;
			buildSettings = {
				ASSETCATALOG_COMPILER_APPICON_NAME = AppIcon;
				ASSETCATALOG_COMPILER_GLOBAL_ACCENT_COLOR_NAME = AccentColor;
				CODE_SIGN_STYLE = Manual;
				DEVELOPMENT_TEAM = "";
				INFOPLIST_FILE = 7e861f3a421c6167852c263effac5660/Info.plist;
				IPHONEOS_DEPLOYMENT_TARGET = 10.0;
				LD_RUNPATH_SEARCH_PATHS = (
					"$(inherited)",
					"@executable_path/Frameworks",
				);
				PRODUCT_BUNDLE_IDENTIFIER = "com.cantekinalp.-e861f3a421c6167852c263effac5660";
				PRODUCT_NAME = "$(TARGET_NAME)";
				PROVISIONING_PROFILE_SPECIFIER = "";
				SWIFT_VERSION = 5.0;
				TARGETED_DEVICE_FAMILY = 1;
			};
			name = Debug;
		};
		DCB8DFAE2675140A00571AA7 /* Release */ = {
			isa = XCBuildConfiguration;
			buildSettings = {
				ASSETCATALOG_COMPILER_APPICON_NAME = AppIcon;
				ASSETCATALOG_COMPILER_GLOBAL_ACCENT_COLOR_NAME = AccentColor;
				CODE_SIGN_STYLE = Manual;
				DEVELOPMENT_TEAM = "";
				INFOPLIST_FILE = 7e861f3a421c6167852c263effac5660/Info.plist;
				IPHONEOS_DEPLOYMENT_TARGET = 10.0;
				LD_RUNPATH_SEARCH_PATHS = (
					"$(inherited)",
					"@executable_path/Frameworks",
				);
				PRODUCT_BUNDLE_IDENTIFIER = "com.cantekinalp.-e861f3a421c6167852c263effac5660";
				PRODUCT_NAME = "$(TARGET_NAME)";
				PROVISIONING_PROFILE_SPECIFIER = "";
				SWIFT_VERSION = 5.0;
				TARGETED_DEVICE_FAMILY = 1;
			};
			name = Release;
		};
/* End XCBuildConfiguration section */

/* Begin XCConfigurationList section */
		DCB8DF932675140800571AA7 /* Build configuration list for PBXProject "7e861f3a421c6167852c263effac5660" */ = {
			isa = XCConfigurationList;
			buildConfigurations = (
				DCB8DFAA2675140A00571AA7 /* Debug */,
				DCB8DFAB2675140A00571AA7 /* Release */,
			);
			defaultConfigurationIsVisible = 0;
			defaultConfigurationName = Release;
		};
		DCB8DFAC2675140A00571AA7 /* Build configuration list for PBXNativeTarget "7e861f3a421c6167852c263effac5660" */ = {
			isa = XCConfigurationList;
			buildConfigurations = (
				DCB8DFAD2675140A00571AA7 /* Debug */,
				DCB8DFAE2675140A00571AA7 /* Release */,
			);
			defaultConfigurationIsVisible = 0;
			defaultConfigurationName = Release;
		};
/* End XCConfigurationList section */
	};
	rootObject = DCB8DF902675140800571AA7 /* Project object */;
}
